
Microsoft Visual Studio Solution File, Format Version 12.00
# Visual Studio Version 17
VisualStudioVersion = 17.2.32414.248
MinimumVisualStudioVersion = 10.0.40219.1
Project("{9A19103F-16F7-4668-BE54-9A1E7A4F7556}") = "ImperatorToCK3", "ImperatorToCK3\ImperatorToCK3.csproj", "{35F88F31-7868-4A78-B215-604E234DBBA6}"
	ProjectSection(ProjectDependencies) = postProject
		{5AF479CA-A0FF-41D7-90E9-441B70EC84F2} = {5AF479CA-A0FF-41D7-90E9-441B70EC84F2}
	EndProjectSection
EndProject
Project("{9A19103F-16F7-4668-BE54-9A1E7A4F7556}") = "ImperatorToCK3.UnitTests", "ImperatorToCK3.UnitTests\ImperatorToCK3.UnitTests.csproj", "{E1318996-60C8-4656-B86B-F09C4DC23FA8}"
EndProject
Project("{9A19103F-16F7-4668-BE54-9A1E7A4F7556}") = "Fronter", "Fronter.NET\Fronter.NET\Fronter.csproj", "{5AF479CA-A0FF-41D7-90E9-441B70EC84F2}"
EndProject
Global
	GlobalSection(SolutionConfigurationPlatforms) = preSolution
		Debug|Any CPU = Debug|Any CPU
		Debug|x64 = Debug|x64
		Release|Any CPU = Release|Any CPU
		Release|x64 = Release|x64
	EndGlobalSection
	GlobalSection(ProjectConfigurationPlatforms) = postSolution
		{35F88F31-7868-4A78-B215-604E234DBBA6}.Debug|Any CPU.ActiveCfg = Debug|Any CPU
		{35F88F31-7868-4A78-B215-604E234DBBA6}.Debug|Any CPU.Build.0 = Debug|Any CPU
		{35F88F31-7868-4A78-B215-604E234DBBA6}.Debug|x64.ActiveCfg = Debug|Any CPU
		{35F88F31-7868-4A78-B215-604E234DBBA6}.Debug|x64.Build.0 = Debug|Any CPU
		{35F88F31-7868-4A78-B215-604E234DBBA6}.Release|Any CPU.ActiveCfg = Release|Any CPU
		{35F88F31-7868-4A78-B215-604E234DBBA6}.Release|Any CPU.Build.0 = Release|Any CPU
		{35F88F31-7868-4A78-B215-604E234DBBA6}.Release|x64.ActiveCfg = Release|Any CPU
		{35F88F31-7868-4A78-B215-604E234DBBA6}.Release|x64.Build.0 = Release|Any CPU
		{E1318996-60C8-4656-B86B-F09C4DC23FA8}.Debug|Any CPU.ActiveCfg = Debug|Any CPU
		{E1318996-60C8-4656-B86B-F09C4DC23FA8}.Debug|Any CPU.Build.0 = Debug|Any CPU
		{E1318996-60C8-4656-B86B-F09C4DC23FA8}.Debug|x64.ActiveCfg = Debug|Any CPU
		{E1318996-60C8-4656-B86B-F09C4DC23FA8}.Debug|x64.Build.0 = Debug|Any CPU
		{E1318996-60C8-4656-B86B-F09C4DC23FA8}.Release|Any CPU.ActiveCfg = Release|Any CPU
		{E1318996-60C8-4656-B86B-F09C4DC23FA8}.Release|Any CPU.Build.0 = Release|Any CPU
		{E1318996-60C8-4656-B86B-F09C4DC23FA8}.Release|x64.ActiveCfg = Release|Any CPU
		{5AF479CA-A0FF-41D7-90E9-441B70EC84F2}.Debug|Any CPU.ActiveCfg = Debug|Any CPU
		{5AF479CA-A0FF-41D7-90E9-441B70EC84F2}.Debug|Any CPU.Build.0 = Debug|Any CPU
		{5AF479CA-A0FF-41D7-90E9-441B70EC84F2}.Debug|x64.ActiveCfg = Debug|Any CPU
		{5AF479CA-A0FF-41D7-90E9-441B70EC84F2}.Debug|x64.Build.0 = Debug|Any CPU
		{5AF479CA-A0FF-41D7-90E9-441B70EC84F2}.Release|Any CPU.ActiveCfg = Release|Any CPU
		{5AF479CA-A0FF-41D7-90E9-441B70EC84F2}.Release|Any CPU.Build.0 = Release|Any CPU
		{5AF479CA-A0FF-41D7-90E9-441B70EC84F2}.Release|x64.ActiveCfg = Release|Any CPU
		{5AF479CA-A0FF-41D7-90E9-441B70EC84F2}.Release|x64.Build.0 = Release|Any CPU
	EndGlobalSection
	GlobalSection(SolutionProperties) = preSolution
		HideSolutionNode = FALSE
	EndGlobalSection
	GlobalSection(ExtensibilityGlobals) = postSolution
		SolutionGuid = {DAA59C98-F7EA-4913-B9E4-1184CEE5FCE0}
	EndGlobalSection
EndGlobal
