<?xml version="1.0" encoding="utf-8"?>
<Project ToolsVersion="4.0" xmlns="http://schemas.microsoft.com/developer/msbuild/2003">
  <ItemGroup>
    <Filter Include="CK3Outputter">
      <UniqueIdentifier>{73570393-7b58-41fc-84b2-62d6f770a52d}</UniqueIdentifier>
    </Filter>
    <Filter Include="CK3">
      <UniqueIdentifier>{bb831886-42eb-4aa2-867f-fb92ef4b7c0f}</UniqueIdentifier>
    </Filter>
    <Filter Include="Configuration">
      <UniqueIdentifier>{384cc622-63ff-442a-af9d-59c4a0d84336}</UniqueIdentifier>
    </Filter>
    <Filter Include="Imperator">
      <UniqueIdentifier>{3f57399f-f045-4575-b59f-d6c77b3898f3}</UniqueIdentifier>
    </Filter>
    <Filter Include="Imperator\Families">
      <UniqueIdentifier>{35e32415-9726-4c58-b168-9f292cf8563a}</UniqueIdentifier>
    </Filter>
    <Filter Include="Mappers">
      <UniqueIdentifier>{37ba0159-aa96-426f-86ca-143c13f8bb9a}</UniqueIdentifier>
    </Filter>
    <Filter Include="Imperator\Characters">
      <UniqueIdentifier>{bbb634d8-dc1e-4ff6-b0a3-7fef4d6b0ce7}</UniqueIdentifier>
    </Filter>
    <Filter Include="Imperator\Provinces">
      <UniqueIdentifier>{57163cbe-1bb5-4a9f-8c31-15f3d3e49986}</UniqueIdentifier>
    </Filter>
    <Filter Include="Imperator\Countries">
      <UniqueIdentifier>{39a1de41-1794-4040-9692-a1286807232f}</UniqueIdentifier>
    </Filter>
    <Filter Include="base64">
      <UniqueIdentifier>{de5a0da7-ee6b-4f30-b8f4-3b45f00850ae}</UniqueIdentifier>
    </Filter>
    <Filter Include="commonItems">
      <UniqueIdentifier>{701f76da-d745-42bf-b289-c0f1e8147b75}</UniqueIdentifier>
    </Filter>
    <Filter Include="Imperator\Genes">
      <UniqueIdentifier>{308f2ba1-1caa-4c21-aa59-583092707f8e}</UniqueIdentifier>
    </Filter>
    <Filter Include="Imperator\Genes\Accessory genes">
      <UniqueIdentifier>{ef76f403-a1dc-4eb9-96b2-d1800bbe54b5}</UniqueIdentifier>
    </Filter>
    <Filter Include="Mappers\ProvinceMapper">
      <UniqueIdentifier>{98c970e3-6c0d-4b8b-b141-6d4519c3b82e}</UniqueIdentifier>
    </Filter>
    <Filter Include="CK3\Province">
      <UniqueIdentifier>{8d84171d-cbd1-49e5-aba5-9b0fc315fab3}</UniqueIdentifier>
    </Filter>
    <Filter Include="Mappers\CultureMapper">
      <UniqueIdentifier>{df9c7661-79c3-4254-969a-6231753b31ac}</UniqueIdentifier>
    </Filter>
    <Filter Include="Mappers\ReligionMapper">
      <UniqueIdentifier>{ac1460ce-6f84-4c4f-9af8-c1f43d78ba46}</UniqueIdentifier>
    </Filter>
    <Filter Include="Mappers\LocalizationMapper">
      <UniqueIdentifier>{de220e3a-2db3-4822-8b8c-aa68b6d245a5}</UniqueIdentifier>
    </Filter>
    <Filter Include="Mappers\TagTitleMapper">
      <UniqueIdentifier>{34691b13-70b0-4de5-9d0c-39d81e9d7fb3}</UniqueIdentifier>
    </Filter>
    <Filter Include="CK3\Titles">
      <UniqueIdentifier>{79119011-3a48-493c-a25b-ae9e53fd6fe6}</UniqueIdentifier>
    </Filter>
    <Filter Include="Mappers\CoaMapper">
      <UniqueIdentifier>{87ca7ce8-8f6e-4df2-8fe2-705d24d9d384}</UniqueIdentifier>
    </Filter>
    <Filter Include="Helpers">
      <UniqueIdentifier>{d4a7adfb-9330-49a9-bcc3-f619b9ad45dd}</UniqueIdentifier>
    </Filter>
    <Filter Include="Resources">
      <UniqueIdentifier>{08765932-f1d7-433c-8037-80b2fd4a62f1}</UniqueIdentifier>
    </Filter>
    <Filter Include="CK3\Character">
      <UniqueIdentifier>{532b7914-6ab3-42c7-9090-371686001d99}</UniqueIdentifier>
    </Filter>
    <Filter Include="Mappers\TraitMapper">
      <UniqueIdentifier>{c0c8fb12-dab8-4549-812a-d7fc79f7cc51}</UniqueIdentifier>
    </Filter>
    <Filter Include="Resources\DLLs">
      <UniqueIdentifier>{f955d636-aa1a-4913-be28-952ccf7dfc40}</UniqueIdentifier>
    </Filter>
    <Filter Include="Resources\Frontend stuff">
      <UniqueIdentifier>{7acfa575-cd17-42b8-a759-596cddbc1a76}</UniqueIdentifier>
    </Filter>
    <Filter Include="Resources\configurables">
      <UniqueIdentifier>{af40bd7e-fe30-4fe1-b5bc-f69841766f81}</UniqueIdentifier>
    </Filter>
  </ItemGroup>
  <ItemGroup>
    <ClInclude Include="Source\CK3Outputter\CK3WorldOutputter.h">
      <Filter>CK3Outputter</Filter>
    </ClInclude>
    <ClInclude Include="Source\CK3\CK3World.h">
      <Filter>CK3</Filter>
    </ClInclude>
    <ClInclude Include="Source\ImperatorToCK3Converter.h" />
    <ClInclude Include="..\commonItems\Log.h">
      <Filter>commonItems</Filter>
    </ClInclude>
    <ClInclude Include="..\commonItems\OSCompatibilityLayer.h">
      <Filter>commonItems</Filter>
    </ClInclude>
    <ClInclude Include="..\commonItems\Parser.h">
      <Filter>commonItems</Filter>
    </ClInclude>
    <ClInclude Include="..\commonItems\ParserHelpers.h">
      <Filter>commonItems</Filter>
    </ClInclude>
    <ClInclude Include="..\commonItems\Date.h">
      <Filter>commonItems</Filter>
    </ClInclude>
    <ClInclude Include="..\commonItems\iconvlite.h">
      <Filter>commonItems</Filter>
    </ClInclude>
    <ClInclude Include="..\commonItems\StringUtils.h">
      <Filter>commonItems</Filter>
    </ClInclude>
    <ClInclude Include="Source\Configuration\Configuration.h">
      <Filter>Configuration</Filter>
    </ClInclude>
    <ClInclude Include="Source\Imperator\Families\Family.h">
      <Filter>Imperator\Families</Filter>
    </ClInclude>
    <ClInclude Include="Source\Imperator\Families\Families.h">
      <Filter>Imperator\Families</Filter>
    </ClInclude>
    <ClInclude Include="Source\Mappers\VersionParser\VersionParser.h">
      <Filter>Mappers</Filter>
    </ClInclude>
    <ClInclude Include="Source\CK3Outputter\outVersion.h">
      <Filter>CK3Outputter</Filter>
    </ClInclude>
    <ClInclude Include="..\commonItems\GameVersion.h">
      <Filter>commonItems</Filter>
    </ClInclude>
    <ClInclude Include="Source\Imperator\Characters\Character.h">
      <Filter>Imperator\Characters</Filter>
    </ClInclude>
    <ClInclude Include="Source\Imperator\Characters\Characters.h">
      <Filter>Imperator\Characters</Filter>
    </ClInclude>
    <ClInclude Include="Source\Imperator\Characters\CharacterName.h">
      <Filter>Imperator\Characters</Filter>
    </ClInclude>
    <ClInclude Include="Source\Imperator\Characters\CharacterAttributes.h">
      <Filter>Imperator\Characters</Filter>
    </ClInclude>
    <ClInclude Include="..\commonItems\CommonFunctions.h">
      <Filter>commonItems</Filter>
    </ClInclude>
    <ClInclude Include="Source\Imperator\Provinces\Province.h">
      <Filter>Imperator\Provinces</Filter>
    </ClInclude>
    <ClInclude Include="Source\Imperator\Provinces\Pop.h">
      <Filter>Imperator\Provinces</Filter>
    </ClInclude>
    <ClInclude Include="Source\Imperator\Provinces\Pops.h">
      <Filter>Imperator\Provinces</Filter>
    </ClInclude>
    <ClInclude Include="Source\Imperator\Provinces\ProvinceName.h">
      <Filter>Imperator\Provinces</Filter>
    </ClInclude>
    <ClInclude Include="Source\Imperator\Countries\Countries.h">
      <Filter>Imperator\Countries</Filter>
    </ClInclude>
    <ClInclude Include="Source\Imperator\Countries\CountryCurrencies.h">
      <Filter>Imperator\Countries</Filter>
    </ClInclude>
    <ClInclude Include="Source\Imperator\Countries\CountryName.h">
      <Filter>Imperator\Countries</Filter>
    </ClInclude>
    <ClInclude Include="..\cpp-base64\base64.h">
      <Filter>base64</Filter>
    </ClInclude>
    <ClInclude Include="Source\Imperator\Characters\PortraitData.h">
      <Filter>Imperator\Characters</Filter>
    </ClInclude>
    <ClInclude Include="Source\Imperator\Genes\GenesDB.h">
      <Filter>Imperator\Genes</Filter>
    </ClInclude>
    <ClInclude Include="..\commonItems\Color.h">
      <Filter>commonItems</Filter>
    </ClInclude>
    <ClInclude Include="Source\Imperator\Genes\AccessoryGenes.h">
      <Filter>Imperator\Genes\Accessory genes</Filter>
    </ClInclude>
    <ClInclude Include="Source\Imperator\Genes\AccessoryGene.h">
      <Filter>Imperator\Genes\Accessory genes</Filter>
    </ClInclude>
    <ClInclude Include="Source\Imperator\Genes\AccessoryGeneTemplate.h">
      <Filter>Imperator\Genes\Accessory genes</Filter>
    </ClInclude>
    <ClInclude Include="Source\Imperator\Genes\WeightBlock.h">
      <Filter>Imperator\Genes\Accessory genes</Filter>
    </ClInclude>
    <ClInclude Include="Source\Mappers\ProvinceMapper\ProvinceMapper.h">
      <Filter>Mappers\ProvinceMapper</Filter>
    </ClInclude>
    <ClInclude Include="Source\Mappers\ProvinceMapper\ProvinceMapping.h">
      <Filter>Mappers\ProvinceMapper</Filter>
    </ClInclude>
    <ClInclude Include="Source\Mappers\ProvinceMapper\ProvinceMappingsVersion.h">
      <Filter>Mappers\ProvinceMapper</Filter>
    </ClInclude>
    <ClInclude Include="Source\CK3Outputter\outProvince.h">
      <Filter>CK3Outputter</Filter>
    </ClInclude>
    <ClInclude Include="Source\CK3\Province\CK3Province.h">
      <Filter>CK3\Province</Filter>
    </ClInclude>
    <ClInclude Include="Source\CK3\Province\ProvinceDetails.h">
      <Filter>CK3\Province</Filter>
    </ClInclude>
    <ClInclude Include="Source\Mappers\CultureMapper\CultureMapper.h">
      <Filter>Mappers\CultureMapper</Filter>
    </ClInclude>
    <ClInclude Include="Source\Mappers\CultureMapper\CultureMappingRule.h">
      <Filter>Mappers\CultureMapper</Filter>
    </ClInclude>
    <ClInclude Include="Source\Mappers\ReligionMapper\ReligionMapper.h">
      <Filter>Mappers\ReligionMapper</Filter>
    </ClInclude>
    <ClInclude Include="Source\Mappers\ReligionMapper\ReligionMapping.h">
      <Filter>Mappers\ReligionMapper</Filter>
    </ClInclude>
    <ClInclude Include="Source\CK3\Province\CK3Provinces.h">
      <Filter>CK3\Province</Filter>
    </ClInclude>
    <ClInclude Include="Source\CK3\Province\CK3ProvinceMappings.h">
      <Filter>CK3\Province</Filter>
    </ClInclude>
    <ClInclude Include="Source\CK3Outputter\outProvinces.h">
      <Filter>CK3Outputter</Filter>
    </ClInclude>
    <ClInclude Include="Source\Mappers\LocalizationMapper\LocalizationMapper.h">
      <Filter>Mappers\LocalizationMapper</Filter>
    </ClInclude>
    <ClInclude Include="Source\Mappers\TagTitleMapper\TagTitleMapper.h">
      <Filter>Mappers\TagTitleMapper</Filter>
    </ClInclude>
    <ClInclude Include="Source\Imperator\Countries\Country.h">
      <Filter>Imperator\Countries</Filter>
    </ClInclude>
    <ClInclude Include="Source\CK3\Titles\LandedTitles.h">
      <Filter>CK3\Titles</Filter>
    </ClInclude>
    <ClInclude Include="Source\CK3Outputter\outTitles.h">
      <Filter>CK3Outputter</Filter>
    </ClInclude>
    <ClInclude Include="Source\CK3Outputter\outTitle.h">
      <Filter>CK3Outputter</Filter>
    </ClInclude>
    <ClInclude Include="Source\CK3\Titles\Title.h">
      <Filter>CK3\Titles</Filter>
    </ClInclude>
    <ClInclude Include="Source\CK3Outputter\outLocalization.h">
      <Filter>CK3Outputter</Filter>
    </ClInclude>
    <ClInclude Include="Source\CK3Outputter\outColoredEmblems.h">
      <Filter>CK3Outputter</Filter>
    </ClInclude>
    <ClInclude Include="Source\Mappers\CoaMapper\CoaMapper.h">
      <Filter>Mappers\CoaMapper</Filter>
    </ClInclude>
    <ClInclude Include="Source\CK3Outputter\outCoas.h">
      <Filter>CK3Outputter</Filter>
    </ClInclude>
    <ClInclude Include="Source\Helpers\rakaly.h">
      <Filter>Helpers</Filter>
    </ClInclude>
    <ClInclude Include="Source\Helpers\rakaly_wrapper.h">
      <Filter>Helpers</Filter>
    </ClInclude>
    <ClInclude Include="Source\CK3Outputter\outCharacters.h">
      <Filter>CK3Outputter</Filter>
    </ClInclude>
    <ClInclude Include="Source\CK3Outputter\outCharacter.h">
      <Filter>CK3Outputter</Filter>
    </ClInclude>
    <ClInclude Include="Source\CK3\Character\CK3Character.h">
      <Filter>CK3\Character</Filter>
    </ClInclude>
    <ClInclude Include="Source\CK3\Titles\TitlesHistory.h">
      <Filter>CK3\Titles</Filter>
    </ClInclude>
    <ClInclude Include="Source\Mappers\TraitMapper\TraitMapper.h">
      <Filter>Mappers\TraitMapper</Filter>
    </ClInclude>
    <ClInclude Include="Source\Mappers\TraitMapper\TraitMapping.h">
      <Filter>Mappers\TraitMapper</Filter>
    </ClInclude>
    <ClInclude Include="Source\Imperator\Provinces\Provinces.h">
      <Filter>Imperator\Provinces</Filter>
    </ClInclude>
    <ClInclude Include="Source\Imperator\ImperatorWorld.h">
      <Filter>Imperator</Filter>
    </ClInclude>
  </ItemGroup>
  <ItemGroup>
    <ClCompile Include="Source\main.cpp" />
    <ClCompile Include="Source\CK3Outputter\CK3WorldOutputter.cpp">
      <Filter>CK3Outputter</Filter>
    </ClCompile>
    <ClCompile Include="Source\ImperatorToCK3Converter.cpp" />
    <ClCompile Include="..\commonItems\Log.cpp">
      <Filter>commonItems</Filter>
    </ClCompile>
    <ClCompile Include="..\commonItems\WinUtils.cpp">
      <Filter>commonItems</Filter>
    </ClCompile>
    <ClCompile Include="..\commonItems\Parser.cpp">
      <Filter>commonItems</Filter>
    </ClCompile>
    <ClCompile Include="..\commonItems\ParserHelpers.cpp">
      <Filter>commonItems</Filter>
    </ClCompile>
    <ClCompile Include="..\commonItems\Date.cpp">
      <Filter>commonItems</Filter>
    </ClCompile>
    <ClCompile Include="..\commonItems\iconvlite.cpp">
      <Filter>commonItems</Filter>
    </ClCompile>
    <ClCompile Include="..\commonItems\StringUtils.cpp">
      <Filter>commonItems</Filter>
    </ClCompile>
    <ClCompile Include="Source\Configuration\Configuration.cpp">
      <Filter>Configuration</Filter>
    </ClCompile>
    <ClCompile Include="Source\Imperator\Families\Family.cpp">
      <Filter>Imperator\Families</Filter>
    </ClCompile>
    <ClCompile Include="Source\Imperator\Families\Families.cpp">
      <Filter>Imperator\Families</Filter>
    </ClCompile>
    <ClCompile Include="Source\Mappers\VersionParser\VersionParser.cpp">
      <Filter>Mappers</Filter>
    </ClCompile>
    <ClCompile Include="Source\CK3Outputter\outVersion.cpp">
      <Filter>CK3Outputter</Filter>
    </ClCompile>
    <ClCompile Include="..\commonItems\GameVersion.cpp">
      <Filter>commonItems</Filter>
    </ClCompile>
    <ClCompile Include="Source\Imperator\Characters\Character.cpp">
      <Filter>Imperator\Characters</Filter>
    </ClCompile>
    <ClCompile Include="Source\Imperator\Characters\Characters.cpp">
      <Filter>Imperator\Characters</Filter>
    </ClCompile>
    <ClCompile Include="..\commonItems\OSCommonLayer.cpp">
      <Filter>commonItems</Filter>
    </ClCompile>
    <ClCompile Include="Source\Imperator\Characters\CharacterName.cpp">
      <Filter>Imperator\Characters</Filter>
    </ClCompile>
    <ClCompile Include="Source\Imperator\Characters\CharacterAttributes.cpp">
      <Filter>Imperator\Characters</Filter>
    </ClCompile>
    <ClCompile Include="..\commonItems\CommonFunctions.cpp">
      <Filter>commonItems</Filter>
    </ClCompile>
    <ClCompile Include="Source\Imperator\Provinces\Province.cpp">
      <Filter>Imperator\Provinces</Filter>
    </ClCompile>
    <ClCompile Include="Source\Imperator\Provinces\Provinces.cpp">
      <Filter>Imperator\Provinces</Filter>
    </ClCompile>
    <ClCompile Include="Source\Imperator\Provinces\Pop.cpp">
      <Filter>Imperator\Provinces</Filter>
    </ClCompile>
    <ClCompile Include="Source\Imperator\Provinces\Pops.cpp">
      <Filter>Imperator\Provinces</Filter>
    </ClCompile>
    <ClCompile Include="Source\Imperator\Provinces\ProvinceName.cpp">
      <Filter>Imperator\Provinces</Filter>
    </ClCompile>
    <ClCompile Include="Source\Imperator\Countries\Countries.cpp">
      <Filter>Imperator\Countries</Filter>
    </ClCompile>
    <ClCompile Include="Source\Imperator\Countries\Country.cpp">
      <Filter>Imperator\Countries</Filter>
    </ClCompile>
    <ClCompile Include="Source\Imperator\Countries\CountryCurrencies.cpp">
      <Filter>Imperator\Countries</Filter>
    </ClCompile>
    <ClCompile Include="Source\Imperator\Countries\CountryName.cpp">
      <Filter>Imperator\Countries</Filter>
    </ClCompile>
    <ClCompile Include="..\cpp-base64\base64.cpp">
      <Filter>base64</Filter>
    </ClCompile>
    <ClCompile Include="Source\Imperator\Characters\PortraitData.cpp">
      <Filter>Imperator\Characters</Filter>
    </ClCompile>
    <ClCompile Include="Source\Imperator\Genes\GenesDB.cpp">
      <Filter>Imperator\Genes</Filter>
    </ClCompile>
    <ClCompile Include="..\commonItems\Color.cpp">
      <Filter>commonItems</Filter>
    </ClCompile>
    <ClCompile Include="Source\Imperator\Genes\AccessoryGenes.cpp">
      <Filter>Imperator\Genes\Accessory genes</Filter>
    </ClCompile>
    <ClCompile Include="Source\Imperator\Genes\AccessoryGene.cpp">
      <Filter>Imperator\Genes\Accessory genes</Filter>
    </ClCompile>
    <ClCompile Include="Source\Imperator\Genes\AccessoryGeneTemplate.cpp">
      <Filter>Imperator\Genes\Accessory genes</Filter>
    </ClCompile>
    <ClCompile Include="Source\Imperator\Genes\WeightBlock.cpp">
      <Filter>Imperator\Genes\Accessory genes</Filter>
    </ClCompile>
    <ClCompile Include="Source\Mappers\ProvinceMapper\ProvinceMapper.cpp">
      <Filter>Mappers\ProvinceMapper</Filter>
    </ClCompile>
    <ClCompile Include="Source\Mappers\ProvinceMapper\ProvinceMapping.cpp">
      <Filter>Mappers\ProvinceMapper</Filter>
    </ClCompile>
    <ClCompile Include="Source\Mappers\ProvinceMapper\ProvinceMappingsVersion.cpp">
      <Filter>Mappers\ProvinceMapper</Filter>
    </ClCompile>
    <ClCompile Include="Source\CK3Outputter\outProvince.cpp">
      <Filter>CK3Outputter</Filter>
    </ClCompile>
    <ClCompile Include="Source\CK3\Province\CK3Province.cpp">
      <Filter>CK3\Province</Filter>
    </ClCompile>
    <ClCompile Include="Source\CK3\Province\ProvinceDetails.cpp">
      <Filter>CK3\Province</Filter>
    </ClCompile>
    <ClCompile Include="Source\Mappers\CultureMapper\CultureMapper.cpp">
      <Filter>Mappers\CultureMapper</Filter>
    </ClCompile>
    <ClCompile Include="Source\Mappers\CultureMapper\CultureMappingRule.cpp">
      <Filter>Mappers\CultureMapper</Filter>
    </ClCompile>
    <ClCompile Include="Source\Mappers\ReligionMapper\ReligionMapper.cpp">
      <Filter>Mappers\ReligionMapper</Filter>
    </ClCompile>
    <ClCompile Include="Source\Mappers\ReligionMapper\ReligionMapping.cpp">
      <Filter>Mappers\ReligionMapper</Filter>
    </ClCompile>
    <ClCompile Include="Source\CK3\CK3World.cpp">
      <Filter>CK3</Filter>
    </ClCompile>
    <ClCompile Include="Source\CK3\Province\CK3Provinces.cpp">
      <Filter>CK3\Province</Filter>
    </ClCompile>
    <ClCompile Include="Source\CK3\Province\CK3ProvinceMappings.cpp">
      <Filter>CK3\Province</Filter>
    </ClCompile>
    <ClCompile Include="Source\CK3Outputter\outProvinces.cpp">
      <Filter>CK3Outputter</Filter>
    </ClCompile>
    <ClCompile Include="Source\Mappers\LocalizationMapper\LocalizationMapper.cpp">
      <Filter>Mappers\LocalizationMapper</Filter>
    </ClCompile>
    <ClCompile Include="Source\Mappers\TagTitleMapper\TagTitleMapper.cpp">
      <Filter>Mappers\TagTitleMapper</Filter>
    </ClCompile>
    <ClCompile Include="Source\CK3\Titles\LandedTitles.cpp">
      <Filter>CK3\Titles</Filter>
    </ClCompile>
    <ClCompile Include="Source\CK3Outputter\outTitles.cpp">
      <Filter>CK3Outputter</Filter>
    </ClCompile>
    <ClCompile Include="Source\CK3Outputter\outTitle.cpp">
      <Filter>CK3Outputter</Filter>
    </ClCompile>
    <ClCompile Include="Source\CK3\Titles\Title.cpp">
      <Filter>CK3\Titles</Filter>
    </ClCompile>
    <ClCompile Include="Source\CK3Outputter\outLocalization.cpp">
      <Filter>CK3Outputter</Filter>
    </ClCompile>
    <ClCompile Include="Source\CK3Outputter\outColoredEmblems.cpp">
      <Filter>CK3Outputter</Filter>
    </ClCompile>
    <ClCompile Include="Source\Mappers\CoaMapper\CoaMapper.cpp">
      <Filter>Mappers\CoaMapper</Filter>
    </ClCompile>
    <ClCompile Include="Source\CK3Outputter\outCoas.cpp">
      <Filter>CK3Outputter</Filter>
    </ClCompile>
    <ClCompile Include="Source\CK3Outputter\outCharacters.cpp">
      <Filter>CK3Outputter</Filter>
    </ClCompile>
    <ClCompile Include="Source\CK3Outputter\outCharacter.cpp">
      <Filter>CK3Outputter</Filter>
    </ClCompile>
    <ClCompile Include="Source\CK3\Character\CK3Character.cpp">
      <Filter>CK3\Character</Filter>
    </ClCompile>
    <ClCompile Include="Source\CK3\Titles\TitlesHistory.cpp">
      <Filter>CK3\Titles</Filter>
    </ClCompile>
    <ClCompile Include="Source\Mappers\TraitMapper\TraitMapper.cpp">
      <Filter>Mappers\TraitMapper</Filter>
    </ClCompile>
    <ClCompile Include="Source\Mappers\TraitMapper\TraitMapping.cpp">
      <Filter>Mappers\TraitMapper</Filter>
    </ClCompile>
    <ClCompile Include="Source\Imperator\ImperatorWorld.cpp">
      <Filter>Imperator</Filter>
    </ClCompile>
  </ItemGroup>
  <ItemGroup>
    <CopyFileToFolders Include="Resources\rakaly.dll">
      <Filter>Resources\DLLs</Filter>
    </CopyFileToFolders>
    <CopyFileToFolders Include="..\imageMagick\dll-windows-required\IM_MOD_RL_xc_.dll">
      <Filter>Resources\DLLs</Filter>
    </CopyFileToFolders>
    <CopyFileToFolders Include="..\imageMagick\dll-windows-required\IM_MOD_RL_tga_.dll">
      <Filter>Resources\DLLs</Filter>
    </CopyFileToFolders>
    <CopyFileToFolders Include="..\imageMagick\dll-windows-required\IM_MOD_RL_dds_.dll">
      <Filter>Resources\DLLs</Filter>
    </CopyFileToFolders>
    <CopyFileToFolders Include="..\imageMagick\dll-windows-required\CORE_RL_zlib_.dll">
      <Filter>Resources\DLLs</Filter>
    </CopyFileToFolders>
    <CopyFileToFolders Include="..\imageMagick\dll-windows-required\CORE_RL_MagickWand_.dll">
      <Filter>Resources\DLLs</Filter>
    </CopyFileToFolders>
    <CopyFileToFolders Include="..\imageMagick\dll-windows-required\CORE_RL_MagickCore_.dll">
      <Filter>Resources\DLLs</Filter>
    </CopyFileToFolders>
    <CopyFileToFolders Include="..\imageMagick\dll-windows-required\CORE_RL_Magick++_.dll">
      <Filter>Resources\DLLs</Filter>
    </CopyFileToFolders>
    <CopyFileToFolders Include="..\imageMagick\dll-windows-required\CORE_RL_lqr_.dll">
      <Filter>Resources\DLLs</Filter>
    </CopyFileToFolders>
    <CopyFileToFolders Include="..\imageMagick\dll-windows-required\CORE_RL_libxml_.dll">
      <Filter>Resources\DLLs</Filter>
    </CopyFileToFolders>
    <CopyFileToFolders Include="..\imageMagick\dll-windows-required\CORE_RL_lcms_.dll">
      <Filter>Resources\DLLs</Filter>
    </CopyFileToFolders>
    <CopyFileToFolders Include="..\imageMagick\dll-windows-required\CORE_RL_glib_.dll">
      <Filter>Resources\DLLs</Filter>
    </CopyFileToFolders>
    <CopyFileToFolders Include="..\imageMagick\dll-windows-required\CORE_RL_freetype_.dll">
      <Filter>Resources\DLLs</Filter>
    </CopyFileToFolders>
    <CopyFileToFolders Include="..\imageMagick\dll-windows-required\CORE_RL_bzlib_.dll">
      <Filter>Resources\DLLs</Filter>
    </CopyFileToFolders>
    <CopyFileToFolders Include="Data_Files\configuration_l_english.yml">
      <Filter>Resources\Frontend stuff</Filter>
    </CopyFileToFolders>
    <CopyFileToFolders Include="Data_Files\fronter-configuration.txt">
      <Filter>Resources\Frontend stuff</Filter>
    </CopyFileToFolders>
    <CopyFileToFolders Include="Data_Files\fronter-options.txt">
      <Filter>Resources\Frontend stuff</Filter>
    </CopyFileToFolders>
    <CopyFileToFolders Include="Data_Files\options_l_english.yml">
      <Filter>Resources\Frontend stuff</Filter>
    </CopyFileToFolders>
    <CopyFileToFolders Include="Data_Files\configurables\culture_map.txt">
      <Filter>Resources\configurables</Filter>
    </CopyFileToFolders>
    <CopyFileToFolders Include="Data_Files\configurables\province_mappings.txt">
      <Filter>Resources\configurables</Filter>
    </CopyFileToFolders>
    <CopyFileToFolders Include="Data_Files\configurables\religion_map.txt">
      <Filter>Resources\configurables</Filter>
    </CopyFileToFolders>
    <CopyFileToFolders Include="Data_Files\configurables\trait_map.txt">
      <Filter>Resources\configurables</Filter>
    </CopyFileToFolders>
    <CopyFileToFolders Include="Data_Files\configurables\version.txt">
      <Filter>Resources\configurables</Filter>
    </CopyFileToFolders>
    <CopyFileToFolders Include="Data_Files\ReadMe.txt">
      <Filter>Resources</Filter>
    </CopyFileToFolders>
    <CopyFileToFolders Include="Data_Files\FAQ.txt">
      <Filter>Resources</Filter>
    </CopyFileToFolders>
    <CopyFileToFolders Include="Data_Files\license.txt">
      <Filter>Resources</Filter>
    </CopyFileToFolders>
    <CopyFileToFolders Include="Data_Files\after_converting.txt" />
  </ItemGroup>
</Project>