<?xml version="1.0" encoding="utf-8"?>
<Project ToolsVersion="4.0" xmlns="http://schemas.microsoft.com/developer/msbuild/2003">
  <ItemGroup>
    <Filter Include="Ck3Outputter">
      <UniqueIdentifier>{73570393-7b58-41fc-84b2-62d6f770a52d}</UniqueIdentifier>
    </Filter>
    <Filter Include="Ck3">
      <UniqueIdentifier>{bb831886-42eb-4aa2-867f-fb92ef4b7c0f}</UniqueIdentifier>
    </Filter>
    <Filter Include="CommonItems">
      <UniqueIdentifier>{701f76da-d745-42bf-b289-c0f1e8147b75}</UniqueIdentifier>
    </Filter>
    <Filter Include="Configuration">
      <UniqueIdentifier>{384cc622-63ff-442a-af9d-59c4a0d84336}</UniqueIdentifier>
    </Filter>
    <Filter Include="Common">
      <UniqueIdentifier>{e49d8ccc-a7de-485d-a9f4-0da6eda2f15f}</UniqueIdentifier>
    </Filter>
    <Filter Include="Imperator">
      <UniqueIdentifier>{3f57399f-f045-4575-b59f-d6c77b3898f3}</UniqueIdentifier>
    </Filter>
    <Filter Include="Imperator\Families">
      <UniqueIdentifier>{35e32415-9726-4c58-b168-9f292cf8563a}</UniqueIdentifier>
    </Filter>
    <Filter Include="Mappers">
      <UniqueIdentifier>{37ba0159-aa96-426f-86ca-143c13f8bb9a}</UniqueIdentifier>
    </Filter>
  </ItemGroup>
  <ItemGroup>
    <ClInclude Include="Source\Imperator\ImperatorWorld.h">
      <Filter>Imperator</Filter>
    </ClInclude>
    <ClInclude Include="Source\Ck3Outputter\Ck3WorldOutputter.h">
      <Filter>Ck3Outputter</Filter>
    </ClInclude>
    <ClInclude Include="Source\Ck3\Ck3World.h">
      <Filter>Ck3</Filter>
    </ClInclude>
    <ClInclude Include="Source\ImperatorToCK3Converter.h" />
    <ClInclude Include="..\commonItems\Log.h">
      <Filter>CommonItems</Filter>
    </ClInclude>
    <ClInclude Include="..\commonItems\OSCompatibilityLayer.h">
      <Filter>CommonItems</Filter>
    </ClInclude>
    <ClInclude Include="..\commonItems\Parser.h">
      <Filter>CommonItems</Filter>
    </ClInclude>
    <ClInclude Include="..\commonItems\ParserHelpers.h">
      <Filter>CommonItems</Filter>
    </ClInclude>
    <ClInclude Include="..\commonItems\CardinalToOrdinal.h">
      <Filter>CommonItems</Filter>
    </ClInclude>
    <ClInclude Include="..\commonItems\Color.h">
      <Filter>CommonItems</Filter>
    </ClInclude>
    <ClInclude Include="..\commonItems\ConversionFacet.h">
      <Filter>CommonItems</Filter>
    </ClInclude>
    <ClInclude Include="..\commonItems\ConversionFacetUtils.h">
      <Filter>CommonItems</Filter>
    </ClInclude>
    <ClInclude Include="..\commonItems\Date.h">
      <Filter>CommonItems</Filter>
    </ClInclude>
    <ClInclude Include="..\commonItems\iconvlite.h">
      <Filter>CommonItems</Filter>
    </ClInclude>
    <ClInclude Include="..\commonItems\StringUtils.h">
      <Filter>CommonItems</Filter>
    </ClInclude>
    <ClInclude Include="Source\Configuration\Configuration.h">
      <Filter>Configuration</Filter>
    </ClInclude>
    <ClInclude Include="Source\Common\CommonFunctions.h">
      <Filter>Common</Filter>
    </ClInclude>
    <ClInclude Include="Source\Imperator\Families\Family.h">
      <Filter>Imperator\Families</Filter>
    </ClInclude>
    <ClInclude Include="Source\Imperator\Families\Families.h">
      <Filter>Imperator\Families</Filter>
    </ClInclude>
    <ClInclude Include="Source\Mappers\VersionParser\VersionParser.h">
      <Filter>Mappers</Filter>
    </ClInclude>
    <ClInclude Include="Source\Ck3Outputter\outVersion.h">
      <Filter>Ck3Outputter</Filter>
    </ClInclude>
    <ClInclude Include="..\commonItems\GameVersion.h">
      <Filter>CommonItems</Filter>
    </ClInclude>
  </ItemGroup>
  <ItemGroup>
    <ClCompile Include="Source\main.cpp" />
    <ClCompile Include="Source\Ck3Outputter\Ck3WorldOutputter.cpp">
      <Filter>Ck3Outputter</Filter>
    </ClCompile>
    <ClCompile Include="Source\ImperatorToCK3Converter.cpp" />
    <ClCompile Include="..\commonItems\Log.cpp">
      <Filter>CommonItems</Filter>
    </ClCompile>
    <ClCompile Include="..\commonItems\WinUtils.cpp">
      <Filter>CommonItems</Filter>
    </ClCompile>
    <ClCompile Include="..\commonItems\Parser.cpp">
      <Filter>CommonItems</Filter>
    </ClCompile>
    <ClCompile Include="..\commonItems\ParserHelpers.cpp">
      <Filter>CommonItems</Filter>
    </ClCompile>
    <ClCompile Include="..\commonItems\CardinalToOrdinal.cpp">
      <Filter>CommonItems</Filter>
    </ClCompile>
    <ClCompile Include="..\commonItems\Color.cpp">
      <Filter>CommonItems</Filter>
    </ClCompile>
    <ClCompile Include="..\commonItems\CommonUtils.cpp">
      <Filter>CommonItems</Filter>
    </ClCompile>
    <ClCompile Include="..\commonItems\Date.cpp">
      <Filter>CommonItems</Filter>
    </ClCompile>
    <ClCompile Include="..\commonItems\iconvlite.cpp">
      <Filter>CommonItems</Filter>
    </ClCompile>
    <ClCompile Include="..\commonItems\StringUtils.cpp">
      <Filter>CommonItems</Filter>
    </ClCompile>
    <ClCompile Include="Source\Configuration\Configuration.cpp">
      <Filter>Configuration</Filter>
    </ClCompile>
    <ClCompile Include="Source\Common\CommonFunctions.cpp">
      <Filter>Common</Filter>
    </ClCompile>
    <ClCompile Include="Source\Imperator\ImperatorWorld.cpp">
      <Filter>Imperator</Filter>
    </ClCompile>
    <ClCompile Include="Source\Imperator\Families\Family.cpp">
      <Filter>Imperator\Families</Filter>
    </ClCompile>
    <ClCompile Include="Source\Imperator\Families\Families.cpp">
      <Filter>Imperator\Families</Filter>
    </ClCompile>
    <ClCompile Include="Source\Mappers\VersionParser\VersionParser.cpp">
      <Filter>Mappers</Filter>
    </ClCompile>
    <ClCompile Include="Source\Ck3Outputter\outVersion.cpp">
      <Filter>Ck3Outputter</Filter>
    </ClCompile>
    <ClCompile Include="..\commonItems\GameVersion.cpp">
      <Filter>CommonItems</Filter>
    </ClCompile>
  </ItemGroup>
</Project>