<?xml version="1.0" encoding="utf-8"?>
<Project ToolsVersion="4.0" xmlns="http://schemas.microsoft.com/developer/msbuild/2003">
  <ItemGroup>
    <Filter Include="Ck3Outputter">
      <UniqueIdentifier>{73570393-7b58-41fc-84b2-62d6f770a52d}</UniqueIdentifier>
    </Filter>
    <Filter Include="Ck3">
      <UniqueIdentifier>{bb831886-42eb-4aa2-867f-fb92ef4b7c0f}</UniqueIdentifier>
    </Filter>
    <Filter Include="CommonItems">
      <UniqueIdentifier>{701f76da-d745-42bf-b289-c0f1e8147b75}</UniqueIdentifier>
    </Filter>
    <Filter Include="Configuration">
      <UniqueIdentifier>{384cc622-63ff-442a-af9d-59c4a0d84336}</UniqueIdentifier>
    </Filter>
    <Filter Include="Common">
      <UniqueIdentifier>{e49d8ccc-a7de-485d-a9f4-0da6eda2f15f}</UniqueIdentifier>
    </Filter>
    <Filter Include="Imperator">
      <UniqueIdentifier>{3f57399f-f045-4575-b59f-d6c77b3898f3}</UniqueIdentifier>
    </Filter>
    <Filter Include="Imperator\Families">
      <UniqueIdentifier>{35e32415-9726-4c58-b168-9f292cf8563a}</UniqueIdentifier>
    </Filter>
  </ItemGroup>
  <ItemGroup>
    <ClInclude Include="Source\Imperator\ImperatorWorld.h">
      <Filter>Imperator</Filter>
    </ClInclude>
    <ClInclude Include="Source\Ck3Outputter\Ck3WorldOutputter.h">
      <Filter>Ck3Outputter</Filter>
    </ClInclude>
    <ClInclude Include="Source\Ck3\Ck3World.h">
      <Filter>Ck3</Filter>
    </ClInclude>
    <ClInclude Include="Source\ImperatorToCK3Converter.h" />
    <ClInclude Include="..\common_items\Log.h">
      <Filter>CommonItems</Filter>
    </ClInclude>
    <ClInclude Include="..\common_items\OSCompatibilityLayer.h">
      <Filter>CommonItems</Filter>
    </ClInclude>
    <ClInclude Include="..\common_items\newParser.h">
      <Filter>CommonItems</Filter>
    </ClInclude>
    <ClInclude Include="..\common_items\ParserHelpers.h">
      <Filter>CommonItems</Filter>
    </ClInclude>
    <ClInclude Include="..\common_items\CardinalToOrdinal.h">
      <Filter>CommonItems</Filter>
    </ClInclude>
    <ClInclude Include="..\common_items\Color.h">
      <Filter>CommonItems</Filter>
    </ClInclude>
    <ClInclude Include="..\common_items\ConversionFacet.h">
      <Filter>CommonItems</Filter>
    </ClInclude>
    <ClInclude Include="..\common_items\ConversionFacetUtils.h">
      <Filter>CommonItems</Filter>
    </ClInclude>
    <ClInclude Include="..\common_items\Date.h">
      <Filter>CommonItems</Filter>
    </ClInclude>
    <ClInclude Include="..\common_items\Encoding.h">
      <Filter>CommonItems</Filter>
    </ClInclude>
    <ClInclude Include="..\common_items\iconvlite.h">
      <Filter>CommonItems</Filter>
    </ClInclude>
    <ClInclude Include="..\common_items\Object.h">
      <Filter>CommonItems</Filter>
    </ClInclude>
    <ClInclude Include="..\common_items\StringUtils.h">
      <Filter>CommonItems</Filter>
    </ClInclude>
    <ClInclude Include="Source\Configuration\Configuration.h">
      <Filter>Configuration</Filter>
    </ClInclude>
    <ClInclude Include="Source\Configuration\ConfigurationDetails.h">
      <Filter>Configuration</Filter>
    </ClInclude>
    <ClInclude Include="Source\Common\CommonFunctions.h">
      <Filter>Common</Filter>
    </ClInclude>
    <ClInclude Include="Source\Common\Version.h">
      <Filter>Common</Filter>
    </ClInclude>
    <ClInclude Include="Source\Imperator\Families\Family.h">
      <Filter>Imperator\Families</Filter>
    </ClInclude>
    <ClInclude Include="Source\Imperator\Families\Families.h">
      <Filter>Imperator\Families</Filter>
    </ClInclude>
  </ItemGroup>
  <ItemGroup>
    <ClCompile Include="Source\Main.cpp" />
    <ClCompile Include="Source\Ck3Outputter\Ck3WorldOutputter.cpp">
      <Filter>Ck3Outputter</Filter>
    </ClCompile>
    <ClCompile Include="Source\ImperatorToCK3Converter.cpp" />
    <ClCompile Include="..\common_items\Log.cpp">
      <Filter>CommonItems</Filter>
    </ClCompile>
    <ClCompile Include="..\common_items\WinUtils.cpp">
      <Filter>CommonItems</Filter>
    </ClCompile>
    <ClCompile Include="..\common_items\newParser.cpp">
      <Filter>CommonItems</Filter>
    </ClCompile>
    <ClCompile Include="..\common_items\ParserHelpers.cpp">
      <Filter>CommonItems</Filter>
    </ClCompile>
    <ClCompile Include="..\common_items\CardinalToOrdinal.cpp">
      <Filter>CommonItems</Filter>
    </ClCompile>
    <ClCompile Include="..\common_items\Color.cpp">
      <Filter>CommonItems</Filter>
    </ClCompile>
    <ClCompile Include="..\common_items\CommonUtils.cpp">
      <Filter>CommonItems</Filter>
    </ClCompile>
    <ClCompile Include="..\common_items\Date.cpp">
      <Filter>CommonItems</Filter>
    </ClCompile>
    <ClCompile Include="..\common_items\Encoding.cpp">
      <Filter>CommonItems</Filter>
    </ClCompile>
    <ClCompile Include="..\common_items\iconvlite.cpp">
      <Filter>CommonItems</Filter>
    </ClCompile>
    <ClCompile Include="..\common_items\Object.cpp">
      <Filter>CommonItems</Filter>
    </ClCompile>
    <ClCompile Include="..\common_items\StringUtils.cpp">
      <Filter>CommonItems</Filter>
    </ClCompile>
    <ClCompile Include="Source\Configuration\Configuration.cpp">
      <Filter>Configuration</Filter>
    </ClCompile>
    <ClCompile Include="Source\Configuration\ConfigurationDetails.cpp">
      <Filter>Configuration</Filter>
    </ClCompile>
    <ClCompile Include="Source\Common\CommonFunctions.cpp">
      <Filter>Common</Filter>
    </ClCompile>
    <ClCompile Include="Source\Imperator\ImperatorWorld.cpp">
      <Filter>Imperator</Filter>
    </ClCompile>
    <ClCompile Include="Source\Common\Version.cpp">
      <Filter>Common</Filter>
    </ClCompile>
    <ClCompile Include="Source\Imperator\Families\Family.cpp">
      <Filter>Imperator\Families</Filter>
    </ClCompile>
    <ClCompile Include="Source\Imperator\Families\Families.cpp">
      <Filter>Imperator\Families</Filter>
    </ClCompile>
  </ItemGroup>
</Project>