<?xml version="1.0" encoding="utf-8"?>
<Project ToolsVersion="4.0" xmlns="http://schemas.microsoft.com/developer/msbuild/2003">
  <ItemGroup>
    <Filter Include="ImperatorWorldTests">
      <UniqueIdentifier>{8243fa4d-3a1f-4b26-937a-aa28a3d3fe23}</UniqueIdentifier>
    </Filter>
    <Filter Include="ImperatorWorldTests\Families">
      <UniqueIdentifier>{4ac3ffae-9ce9-4ab7-8dba-d5d42b080ce4}</UniqueIdentifier>
    </Filter>
    <Filter Include="CommonTests">
      <UniqueIdentifier>{5c3acfbf-5894-4366-bd2d-d6c24949c7c2}</UniqueIdentifier>
    </Filter>
    <Filter Include="ImperatorWorldTests\Characters">
      <UniqueIdentifier>{d0b3b24c-8dea-4d4f-a1e0-869acfbab980}</UniqueIdentifier>
    </Filter>
    <Filter Include="MapperTests">
      <UniqueIdentifier>{8b821bea-0ec6-4690-9411-14c66a11f938}</UniqueIdentifier>
    </Filter>
    <Filter Include="MapperTests\VersionParser">
      <UniqueIdentifier>{fe425519-205f-470d-bd7a-8fc120079608}</UniqueIdentifier>
    </Filter>
    <Filter Include="Sources">
      <UniqueIdentifier>{7b11c93b-e646-48f4-be4f-a324ffc0b220}</UniqueIdentifier>
    </Filter>
    <Filter Include="ImperatorWorldTests\Provinces">
      <UniqueIdentifier>{1e29e697-9bd1-4ec3-a9bb-50471b9f44fe}</UniqueIdentifier>
    </Filter>
    <Filter Include="ImperatorWorldTests\Countries">
      <UniqueIdentifier>{7da6c0dd-4476-439d-945f-366d7e3b0850}</UniqueIdentifier>
    </Filter>
    <Filter Include="ImperatorWorldTests\Genes">
      <UniqueIdentifier>{91c7a145-dc67-412f-91f1-3b364b0970bd}</UniqueIdentifier>
    </Filter>
  </ItemGroup>
  <ItemGroup>
    <ClCompile Include="ImperatorWorldTests\Families\FamilyTests.cpp">
      <Filter>ImperatorWorldTests\Families</Filter>
    </ClCompile>
    <ClCompile Include="ImperatorWorldTests\Families\FamiliesTests.cpp">
      <Filter>ImperatorWorldTests\Families</Filter>
    </ClCompile>
    <ClCompile Include="CommonTests\CommonFunctionsTests.cpp">
      <Filter>CommonTests</Filter>
    </ClCompile>
    <ClCompile Include="ImperatorWorldTests\Characters\CharactersTests.cpp">
      <Filter>ImperatorWorldTests\Characters</Filter>
    </ClCompile>
    <ClCompile Include="ImperatorWorldTests\Characters\CharacterTests.cpp">
      <Filter>ImperatorWorldTests\Characters</Filter>
    </ClCompile>
    <ClCompile Include="MapperTests\VersionParser\VersionParserTests.cpp">
      <Filter>MapperTests\VersionParser</Filter>
    </ClCompile>
    <ClCompile Include="..\commonItems\WinUtils.cpp">
      <Filter>Sources</Filter>
    </ClCompile>
    <ClCompile Include="..\ImperatorToCK3\Source\Mappers\VersionParser\VersionParser.cpp">
      <Filter>Sources</Filter>
    </ClCompile>
    <ClCompile Include="..\commonItems\StringUtils.cpp">
      <Filter>Sources</Filter>
    </ClCompile>
    <ClCompile Include="..\commonItems\ParserHelpers.cpp">
      <Filter>Sources</Filter>
    </ClCompile>
    <ClCompile Include="..\googletest\googletest\src\gtest_main.cc">
      <Filter>Sources</Filter>
    </ClCompile>
    <ClCompile Include="..\googletest\googletest\src\gtest-all.cc">
      <Filter>Sources</Filter>
    </ClCompile>
    <ClCompile Include="..\commonItems\iconvlite.cpp">
      <Filter>Sources</Filter>
    </ClCompile>
    <ClCompile Include="..\commonItems\Log.cpp">
      <Filter>Sources</Filter>
    </ClCompile>
    <ClCompile Include="..\commonItems\OSCommonLayer.cpp">
      <Filter>Sources</Filter>
    </ClCompile>
    <ClCompile Include="..\commonItems\Parser.cpp">
      <Filter>Sources</Filter>
    </ClCompile>
    <ClCompile Include="..\ImperatorToCK3\Source\Imperator\Characters\Character.cpp">
      <Filter>Sources</Filter>
    </ClCompile>
    <ClCompile Include="..\ImperatorToCK3\Source\Imperator\Characters\CharacterAttributes.cpp">
      <Filter>Sources</Filter>
    </ClCompile>
    <ClCompile Include="..\ImperatorToCK3\Source\Imperator\Characters\CharacterName.cpp">
      <Filter>Sources</Filter>
    </ClCompile>
    <ClCompile Include="..\ImperatorToCK3\Source\Imperator\Characters\Characters.cpp">
      <Filter>Sources</Filter>
    </ClCompile>
    <ClCompile Include="..\commonItems\CommonFunctions.cpp">
      <Filter>Sources</Filter>
    </ClCompile>
    <ClCompile Include="..\commonItems\Date.cpp">
      <Filter>Sources</Filter>
    </ClCompile>
    <ClCompile Include="..\ImperatorToCK3\Source\Imperator\Families\Families.cpp">
      <Filter>Sources</Filter>
    </ClCompile>
    <ClCompile Include="..\ImperatorToCK3\Source\Imperator\Families\Family.cpp">
      <Filter>Sources</Filter>
    </ClCompile>
    <ClCompile Include="..\commonItems\GameVersion.cpp">
      <Filter>Sources</Filter>
    </ClCompile>
    <ClCompile Include="..\googletest\googlemock\src\gmock-all.cc">
      <Filter>Sources</Filter>
    </ClCompile>
    <ClCompile Include="ImperatorWorldTests\Provinces\ProvincesTests.cpp">
      <Filter>ImperatorWorldTests\Provinces</Filter>
    </ClCompile>
    <ClCompile Include="ImperatorWorldTests\Provinces\ProvinceTests.cpp">
      <Filter>ImperatorWorldTests\Provinces</Filter>
    </ClCompile>
    <ClCompile Include="..\ImperatorToCK3\Source\Imperator\Provinces\Province.cpp">
      <Filter>Sources</Filter>
    </ClCompile>
    <ClCompile Include="..\ImperatorToCK3\Source\Imperator\Provinces\ProvinceName.cpp">
      <Filter>Sources</Filter>
    </ClCompile>
    <ClCompile Include="..\ImperatorToCK3\Source\Imperator\Provinces\Provinces.cpp">
      <Filter>Sources</Filter>
    </ClCompile>
    <ClCompile Include="ImperatorWorldTests\Provinces\PopsTests.cpp">
      <Filter>ImperatorWorldTests\Provinces</Filter>
    </ClCompile>
    <ClCompile Include="ImperatorWorldTests\Provinces\PopTests.cpp">
      <Filter>ImperatorWorldTests\Provinces</Filter>
    </ClCompile>
    <ClCompile Include="..\ImperatorToCK3\Source\Imperator\Provinces\Pop.cpp">
      <Filter>Sources</Filter>
    </ClCompile>
    <ClCompile Include="..\ImperatorToCK3\Source\Imperator\Provinces\Pops.cpp">
      <Filter>Sources</Filter>
    </ClCompile>
    <ClCompile Include="..\ImperatorToCK3\Source\Imperator\Countries\Countries.cpp">
      <Filter>Sources</Filter>
    </ClCompile>
    <ClCompile Include="..\ImperatorToCK3\Source\Imperator\Countries\Country.cpp">
      <Filter>Sources</Filter>
    </ClCompile>
    <ClCompile Include="..\ImperatorToCK3\Source\Imperator\Countries\CountryCurrencies.cpp">
      <Filter>Sources</Filter>
    </ClCompile>
    <ClCompile Include="..\ImperatorToCK3\Source\Imperator\Countries\CountryName.cpp">
      <Filter>Sources</Filter>
    </ClCompile>
    <ClCompile Include="ImperatorWorldTests\Countries\CountriesTests.cpp">
      <Filter>ImperatorWorldTests\Countries</Filter>
    </ClCompile>
    <ClCompile Include="ImperatorWorldTests\Countries\CountryTests.cpp">
      <Filter>ImperatorWorldTests\Countries</Filter>
    </ClCompile>
    <ClCompile Include="..\cpp-base64\base64.cpp">
      <Filter>Sources</Filter>
    </ClCompile>
    <ClCompile Include="..\ImperatorToCK3\Source\Imperator\Characters\PortraitData.cpp">
      <Filter>Sources</Filter>
    </ClCompile>
    <ClCompile Include="ImperatorWorldTests\Characters\PortraitDataTests.cpp">
      <Filter>ImperatorWorldTests\Characters</Filter>
    </ClCompile>
    <ClCompile Include="..\ImperatorToCK3\Source\Imperator\Genes\Gene.cpp">
      <Filter>Sources</Filter>
    </ClCompile>
    <ClCompile Include="ImperatorWorldTests\Genes\GenesTests.cpp">
      <Filter>ImperatorWorldTests\Genes</Filter>
    </ClCompile>
    <ClCompile Include="ImperatorWorldTests\Genes\GeneTests.cpp">
      <Filter>ImperatorWorldTests\Genes</Filter>
    </ClCompile>
    <ClCompile Include="..\ImperatorToCK3\Source\Imperator\Genes\AccessoryGenes.cpp">
      <Filter>Sources</Filter>
    </ClCompile>
    <ClCompile Include="..\ImperatorToCK3\Source\Imperator\Genes\GenesDB.cpp">
      <Filter>Sources</Filter>
    </ClCompile>
    <ClCompile Include="..\ImperatorToCK3\Source\Imperator\Genes\GeneTemplate.cpp">
      <Filter>Sources</Filter>
    </ClCompile>
    <ClCompile Include="..\ImperatorToCK3\Source\Imperator\Genes\WeightBloc.cpp">
      <Filter>Sources</Filter>
    </ClCompile>
    <ClCompile Include="..\commonItems\Color.cpp">
      <Filter>Sources</Filter>
    </ClCompile>
  </ItemGroup>
  <ItemGroup>
    <ClInclude Include="..\ImperatorToCK3\Source\Imperator\Provinces\Province.h">
      <Filter>Sources</Filter>
    </ClInclude>
    <ClInclude Include="..\ImperatorToCK3\Source\Imperator\Provinces\ProvinceName.h">
      <Filter>Sources</Filter>
    </ClInclude>
    <ClInclude Include="..\ImperatorToCK3\Source\Imperator\Provinces\Provinces.h">
      <Filter>Sources</Filter>
    </ClInclude>
  </ItemGroup>
</Project>